
Microsoft Visual Studio Solution File, Format Version 12.00
# Visual Studio Version 17
VisualStudioVersion = 17.11.35303.130
MinimumVisualStudioVersion = 10.0.40219.1
Project("{FAE04EC0-301F-11D3-BF4B-00C04F79EFBC}") = "TomorrowByTogether", "TomorrowByTogether.csproj", "{34D4F06F-720D-4B49-8511-9030C9B816E0}"
EndProject
Global
	GlobalSection(SolutionConfigurationPlatforms) = preSolution
		Debug|Any CPU = Debug|Any CPU
		Release|Any CPU = Release|Any CPU
	EndGlobalSection
	GlobalSection(ProjectConfigurationPlatforms) = postSolution
		{34D4F06F-720D-4B49-8511-9030C9B816E0}.Debug|Any CPU.ActiveCfg = Debug|Any CPU
		{34D4F06F-720D-4B49-8511-9030C9B816E0}.Debug|Any CPU.Build.0 = Debug|Any CPU
		{34D4F06F-720D-4B49-8511-9030C9B816E0}.Release|Any CPU.ActiveCfg = Release|Any CPU
		{34D4F06F-720D-4B49-8511-9030C9B816E0}.Release|Any CPU.Build.0 = Release|Any CPU
	EndGlobalSection
	GlobalSection(SolutionProperties) = preSolution
		HideSolutionNode = FALSE
	EndGlobalSection
	GlobalSection(ExtensibilityGlobals) = postSolution
		SolutionGuid = {5A0D329D-D9AE-41D0-874E-AF45F95F949C}
	EndGlobalSection
EndGlobal
